// !$*UTF8*$!
{
	archiveVersion = 1;
	classes = {
	};
	objectVersion = 46;
	objects = {

/* Begin PBXBuildFile section */
		2B0211291D35736D00AFFB17 /* CareKit.framework in Frameworks */ = {isa = PBXBuildFile; fileRef = 2B0211261D35735800AFFB17 /* CareKit.framework */; };
		2B02112A1D35736D00AFFB17 /* CareKit.framework in Embed Frameworks */ = {isa = PBXBuildFile; fileRef = 2B0211261D35735800AFFB17 /* CareKit.framework */; settings = {ATTRIBUTES = (CodeSignOnCopy, RemoveHeadersOnCopy, ); }; };
		2B1A21481D3E6E64007F1B68 /* Fisiotherapy.swift in Sources */ = {isa = PBXBuildFile; fileRef = 2B1A21471D3E6E64007F1B68 /* Fisiotherapy.swift */; };
		2B1A214E1D3E71E2007F1B68 /* OccurenciesViewController.swift in Sources */ = {isa = PBXBuildFile; fileRef = 2B1A214D1D3E71E2007F1B68 /* OccurenciesViewController.swift */; };
		2B1A21521D3E7BA3007F1B68 /* NSCodingManager.swift in Sources */ = {isa = PBXBuildFile; fileRef = 2B1A21511D3E7BA3007F1B68 /* NSCodingManager.swift */; };
		2B7997EE1D37CD8F00D0996D /* StoryOneViewController.swift in Sources */ = {isa = PBXBuildFile; fileRef = 2B7997ED1D37CD8F00D0996D /* StoryOneViewController.swift */; };
		2B7997F21D37CD9F00D0996D /* Story2ViewController.swift in Sources */ = {isa = PBXBuildFile; fileRef = 2B7997F11D37CD9F00D0996D /* Story2ViewController.swift */; };
		2B87D5E91D38247000F29678 /* AddActivityViewController.swift in Sources */ = {isa = PBXBuildFile; fileRef = 2B87D5E81D38247000F29678 /* AddActivityViewController.swift */; };
		2B87D5EB1D3825DB00F29678 /* AddedActivitiesData.swift in Sources */ = {isa = PBXBuildFile; fileRef = 2B87D5EA1D3825DB00F29678 /* AddedActivitiesData.swift */; };
		2B87D5ED1D38261300F29678 /* ToAddedActivitiesData.swift in Sources */ = {isa = PBXBuildFile; fileRef = 2B87D5EC1D38261300F29678 /* ToAddedActivitiesData.swift */; };
		2B87D5F21D382F0100F29678 /* AddCustomActivityViewController.swift in Sources */ = {isa = PBXBuildFile; fileRef = 2B87D5F11D382F0100F29678 /* AddCustomActivityViewController.swift */; };
		2BA188801D355A2C007F1CEB /* AppDelegate.swift in Sources */ = {isa = PBXBuildFile; fileRef = 2BA1887F1D355A2C007F1CEB /* AppDelegate.swift */; };
		2BA188891D355A2C007F1CEB /* Main.storyboard in Resources */ = {isa = PBXBuildFile; fileRef = 2BA188871D355A2C007F1CEB /* Main.storyboard */; };
		2BA1888B1D355A2C007F1CEB /* Assets.xcassets in Resources */ = {isa = PBXBuildFile; fileRef = 2BA1888A1D355A2C007F1CEB /* Assets.xcassets */; };
		2BA1888E1D355A2C007F1CEB /* LaunchScreen.storyboard in Resources */ = {isa = PBXBuildFile; fileRef = 2BA1888C1D355A2C007F1CEB /* LaunchScreen.storyboard */; };
		2BA188A21D355CBD007F1CEB /* CarePlanStoreManager.swift in Sources */ = {isa = PBXBuildFile; fileRef = 2BA188A11D355CBD007F1CEB /* CarePlanStoreManager.swift */; };
		2BA188BC1D355D96007F1CEB /* Actitvity.swift in Sources */ = {isa = PBXBuildFile; fileRef = 2BA188BB1D355D96007F1CEB /* Actitvity.swift */; };
		2BA188BE1D355EEF007F1CEB /* Vagetables.swift in Sources */ = {isa = PBXBuildFile; fileRef = 2BA188BD1D355EEF007F1CEB /* Vagetables.swift */; };
		2BA188C01D3560C3007F1CEB /* Fruits.swift in Sources */ = {isa = PBXBuildFile; fileRef = 2BA188BF1D3560C3007F1CEB /* Fruits.swift */; };
		2BA188C21D3567A5007F1CEB /* Water.swift in Sources */ = {isa = PBXBuildFile; fileRef = 2BA188C11D3567A5007F1CEB /* Water.swift */; };
		2BA188C41D35681E007F1CEB /* Exercise.swift in Sources */ = {isa = PBXBuildFile; fileRef = 2BA188C31D35681E007F1CEB /* Exercise.swift */; };
		2BA188C61D35696A007F1CEB /* Shot.swift in Sources */ = {isa = PBXBuildFile; fileRef = 2BA188C51D35696A007F1CEB /* Shot.swift */; };
		4E132CB81D41242A004CBC6F /* CustomActivityCell.swift in Sources */ = {isa = PBXBuildFile; fileRef = 4E132CB61D41242A004CBC6F /* CustomActivityCell.swift */; };
		4E132CB91D41242A004CBC6F /* CustomActivityCell.xib in Resources */ = {isa = PBXBuildFile; fileRef = 4E132CB71D41242A004CBC6F /* CustomActivityCell.xib */; };
		4E132CE01D4263B9004CBC6F /* SliderCell.xib in Resources */ = {isa = PBXBuildFile; fileRef = 4E132CDF1D4263B9004CBC6F /* SliderCell.xib */; };
		4E132CE61D427DA1004CBC6F /* Cells.swift in Sources */ = {isa = PBXBuildFile; fileRef = 4E132CE51D427DA1004CBC6F /* Cells.swift */; };
		4E2B29BC1D36CC6300EED2B4 /* TransitionDelegate.swift in Sources */ = {isa = PBXBuildFile; fileRef = 4E2B29B91D36CC6300EED2B4 /* TransitionDelegate.swift */; };
		4E2B29C01D36CD0E00EED2B4 /* MainViewController.swift in Sources */ = {isa = PBXBuildFile; fileRef = 4E2B29BF1D36CD0E00EED2B4 /* MainViewController.swift */; };
		4E2B29C21D36CD7600EED2B4 /* Canvas.swift in Sources */ = {isa = PBXBuildFile; fileRef = 4E2B29C11D36CD7600EED2B4 /* Canvas.swift */; };
		4E2B29C41D36CDC400EED2B4 /* CareCardViewController.swift in Sources */ = {isa = PBXBuildFile; fileRef = 4E2B29C31D36CDC400EED2B4 /* CareCardViewController.swift */; };
		4E2B29C81D37057A00EED2B4 /* PageViewCcontroller.swift in Sources */ = {isa = PBXBuildFile; fileRef = 4E2B29C71D37057A00EED2B4 /* PageViewCcontroller.swift */; };
		4E2B29CE1D395AF800EED2B4 /* SymptomCardViewController.swift in Sources */ = {isa = PBXBuildFile; fileRef = 4E2B29CD1D395AF800EED2B4 /* SymptomCardViewController.swift */; };
		4E2B2DE71D3A987500EED2B4 /* ResearchKit.framework in Frameworks */ = {isa = PBXBuildFile; fileRef = 4E2B2DE41D3A984D00EED2B4 /* ResearchKit.framework */; };
		4E2B2DE81D3A987500EED2B4 /* ResearchKit.framework in Embed Frameworks */ = {isa = PBXBuildFile; fileRef = 4E2B2DE41D3A984D00EED2B4 /* ResearchKit.framework */; settings = {ATTRIBUTES = (CodeSignOnCopy, RemoveHeadersOnCopy, ); }; };
		4E2B2DEF1D3AA7F900EED2B4 /* Assessment.swift in Sources */ = {isa = PBXBuildFile; fileRef = 4E2B2DEE1D3AA7F900EED2B4 /* Assessment.swift */; };
		4E2B2DF31D3ABEEB00EED2B4 /* AssessmentsManager.swift in Sources */ = {isa = PBXBuildFile; fileRef = 4E2B2DF21D3ABEEB00EED2B4 /* AssessmentsManager.swift */; };
		4E2B2DF51D3AD12A00EED2B4 /* Pain.swift in Sources */ = {isa = PBXBuildFile; fileRef = 4E2B2DF41D3AD12A00EED2B4 /* Pain.swift */; };
		4E3CE02B1D3FDF0F00E4F422 /* SurveyViewController.swift in Sources */ = {isa = PBXBuildFile; fileRef = 4E3CE02A1D3FDF0F00E4F422 /* SurveyViewController.swift */; };
		4E3CE03C1D400FFF00E4F422 /* ButtonAnimation.swift in Sources */ = {isa = PBXBuildFile; fileRef = 4E3CE03B1D400FFF00E4F422 /* ButtonAnimation.swift */; };
		4EA969411D3D622400DBF2AD /* Bleeding.swift in Sources */ = {isa = PBXBuildFile; fileRef = 4EA969401D3D622400DBF2AD /* Bleeding.swift */; };
		4EA969471D3D681000DBF2AD /* Bruising.swift in Sources */ = {isa = PBXBuildFile; fileRef = 4EA969461D3D681000DBF2AD /* Bruising.swift */; };
		777711071D3E9AAC0066A0E2 /* SpriteKit.framework in Frameworks */ = {isa = PBXBuildFile; fileRef = 777711061D3E9AAC0066A0E2 /* SpriteKit.framework */; };
		7777110D1D3E9BD00066A0E2 /* GameScene.swift in Sources */ = {isa = PBXBuildFile; fileRef = 7777110C1D3E9BD00066A0E2 /* GameScene.swift */; };
		7777110F1D3E9C110066A0E2 /* LeoImages.atlas in Resources */ = {isa = PBXBuildFile; fileRef = 7777110E1D3E9C110066A0E2 /* LeoImages.atlas */; };
		77E89D111D4252AA00FDA59B /* ThemesViewController.swift in Sources */ = {isa = PBXBuildFile; fileRef = 77E89D101D4252AA00FDA59B /* ThemesViewController.swift */; };
		77E89D171D4252EA00FDA59B /* ThemesCollectionViewCell.swift in Sources */ = {isa = PBXBuildFile; fileRef = 77E89D161D4252EA00FDA59B /* ThemesCollectionViewCell.swift */; };
		77E89D191D4253CD00FDA59B /* SelectThemeViewController.swift in Sources */ = {isa = PBXBuildFile; fileRef = 77E89D181D4253CD00FDA59B /* SelectThemeViewController.swift */; };
		77E89D1B1D42542900FDA59B /* UIAnimation.swift in Sources */ = {isa = PBXBuildFile; fileRef = 77E89D1A1D42542900FDA59B /* UIAnimation.swift */; };
		EB6F10FB1D41C4550056606B /* arrow.png in Resources */ = {isa = PBXBuildFile; fileRef = EB6F10E91D41C4550056606B /* arrow.png */; };
		EB6F10FC1D41C4550056606B /* arrow@2x.png in Resources */ = {isa = PBXBuildFile; fileRef = EB6F10EA1D41C4550056606B /* arrow@2x.png */; };
		EB6F10FD1D41C4550056606B /* BG.png in Resources */ = {isa = PBXBuildFile; fileRef = EB6F10EB1D41C4550056606B /* BG.png */; };
		EB6F10FE1D41C4550056606B /* BG@2x.png in Resources */ = {isa = PBXBuildFile; fileRef = EB6F10EC1D41C4550056606B /* BG@2x.png */; };
		EB6F10FF1D41C4550056606B /* Corpo.png in Resources */ = {isa = PBXBuildFile; fileRef = EB6F10ED1D41C4550056606B /* Corpo.png */; };
		EB6F11001D41C4550056606B /* Corpo@2x.png in Resources */ = {isa = PBXBuildFile; fileRef = EB6F10EE1D41C4550056606B /* Corpo@2x.png */; };
		EB6F11011D41C4550056606B /* Fala1.png in Resources */ = {isa = PBXBuildFile; fileRef = EB6F10EF1D41C4550056606B /* Fala1.png */; };
		EB6F11021D41C4550056606B /* Fala1@2x.png in Resources */ = {isa = PBXBuildFile; fileRef = EB6F10F01D41C4550056606B /* Fala1@2x.png */; };
		EB6F11031D41C4550056606B /* gradient1.png in Resources */ = {isa = PBXBuildFile; fileRef = EB6F10F11D41C4550056606B /* gradient1.png */; };
		EB6F11041D41C4550056606B /* gradient1@2x.png in Resources */ = {isa = PBXBuildFile; fileRef = EB6F10F21D41C4550056606B /* gradient1@2x.png */; };
		EB6F11051D41C4550056606B /* gradient2.png in Resources */ = {isa = PBXBuildFile; fileRef = EB6F10F31D41C4550056606B /* gradient2.png */; };
		EB6F11061D41C4550056606B /* gradient2@2x.png in Resources */ = {isa = PBXBuildFile; fileRef = EB6F10F41D41C4550056606B /* gradient2@2x.png */; };
		EB6F11071D41C4550056606B /* hand.png in Resources */ = {isa = PBXBuildFile; fileRef = EB6F10F51D41C4550056606B /* hand.png */; };
		EB6F11081D41C4550056606B /* hand@2x.png in Resources */ = {isa = PBXBuildFile; fileRef = EB6F10F61D41C4550056606B /* hand@2x.png */; };
		EB6F11091D41C4550056606B /* Leo do corpo.png in Resources */ = {isa = PBXBuildFile; fileRef = EB6F10F71D41C4550056606B /* Leo do corpo.png */; };
		EB6F110A1D41C4550056606B /* Leo do corpo@2x.png in Resources */ = {isa = PBXBuildFile; fileRef = EB6F10F81D41C4550056606B /* Leo do corpo@2x.png */; };
		EB6F110B1D41C4550056606B /* Leo falando.png in Resources */ = {isa = PBXBuildFile; fileRef = EB6F10F91D41C4550056606B /* Leo falando.png */; };
		EB6F110C1D41C4550056606B /* Leo falando@2x.png in Resources */ = {isa = PBXBuildFile; fileRef = EB6F10FA1D41C4550056606B /* Leo falando@2x.png */; };
		EB6F110E1D41C45E0056606B /* StorytellingView.swift in Sources */ = {isa = PBXBuildFile; fileRef = EB6F110D1D41C45E0056606B /* StorytellingView.swift */; };
		EBBD25AE1D3731BE00786155 /* SettingViewController.swift in Sources */ = {isa = PBXBuildFile; fileRef = EBBD25AD1D3731BE00786155 /* SettingViewController.swift */; };
/* End PBXBuildFile section */

/* Begin PBXContainerItemProxy section */
		2B0211251D35735800AFFB17 /* PBXContainerItemProxy */ = {
			isa = PBXContainerItemProxy;
			containerPortal = 2B02111F1D35735800AFFB17 /* CareKit.xcodeproj */;
			proxyType = 2;
			remoteGlobalIDString = 8605A5BA1C4F04EC00DD65FF;
			remoteInfo = CareKit;
		};
		2B0211271D35735800AFFB17 /* PBXContainerItemProxy */ = {
			isa = PBXContainerItemProxy;
			containerPortal = 2B02111F1D35735800AFFB17 /* CareKit.xcodeproj */;
			proxyType = 2;
			remoteGlobalIDString = 8605A5C41C4F04EC00DD65FF;
			remoteInfo = CareKitTests;
		};
		2B02112B1D35736D00AFFB17 /* PBXContainerItemProxy */ = {
			isa = PBXContainerItemProxy;
			containerPortal = 2B02111F1D35735800AFFB17 /* CareKit.xcodeproj */;
			proxyType = 1;
			remoteGlobalIDString = 8605A5B91C4F04EC00DD65FF;
			remoteInfo = CareKit;
		};
		4E2B2DE31D3A984D00EED2B4 /* PBXContainerItemProxy */ = {
			isa = PBXContainerItemProxy;
			containerPortal = 4E2B2DDB1D3A984D00EED2B4 /* ResearchKit.xcodeproj */;
			proxyType = 2;
			remoteGlobalIDString = B183A5951A8535D100C76870;
			remoteInfo = ResearchKit;
		};
		4E2B2DE51D3A984D00EED2B4 /* PBXContainerItemProxy */ = {
			isa = PBXContainerItemProxy;
			containerPortal = 4E2B2DDB1D3A984D00EED2B4 /* ResearchKit.xcodeproj */;
			proxyType = 2;
			remoteGlobalIDString = 86CC8E9A1AC09332001CCD89;
			remoteInfo = ResearchKitTests;
		};
		4E2B2DE91D3A987500EED2B4 /* PBXContainerItemProxy */ = {
			isa = PBXContainerItemProxy;
			containerPortal = 4E2B2DDB1D3A984D00EED2B4 /* ResearchKit.xcodeproj */;
			proxyType = 1;
			remoteGlobalIDString = B183A4731A8535D100C76870;
			remoteInfo = ResearchKit;
		};
/* End PBXContainerItemProxy section */

/* Begin PBXCopyFilesBuildPhase section */
		2BA188BA1D355CFF007F1CEB /* Embed Frameworks */ = {
			isa = PBXCopyFilesBuildPhase;
			buildActionMask = 2147483647;
			dstPath = "";
			dstSubfolderSpec = 10;
			files = (
				4E2B2DE81D3A987500EED2B4 /* ResearchKit.framework in Embed Frameworks */,
				2B02112A1D35736D00AFFB17 /* CareKit.framework in Embed Frameworks */,
			);
			name = "Embed Frameworks";
			runOnlyForDeploymentPostprocessing = 0;
		};
/* End PBXCopyFilesBuildPhase section */

/* Begin PBXFileReference section */
		2B02111F1D35735800AFFB17 /* CareKit.xcodeproj */ = {isa = PBXFileReference; lastKnownFileType = "wrapper.pb-project"; name = CareKit.xcodeproj; path = ../CareKitRoot/CareKit.xcodeproj; sourceTree = "<group>"; };
		2B1A21471D3E6E64007F1B68 /* Fisiotherapy.swift */ = {isa = PBXFileReference; fileEncoding = 4; lastKnownFileType = sourcecode.swift; path = Fisiotherapy.swift; sourceTree = "<group>"; };
		2B1A214D1D3E71E2007F1B68 /* OccurenciesViewController.swift */ = {isa = PBXFileReference; fileEncoding = 4; lastKnownFileType = sourcecode.swift; path = OccurenciesViewController.swift; sourceTree = "<group>"; };
		2B1A21511D3E7BA3007F1B68 /* NSCodingManager.swift */ = {isa = PBXFileReference; fileEncoding = 4; lastKnownFileType = sourcecode.swift; path = NSCodingManager.swift; sourceTree = "<group>"; };
		2B7997ED1D37CD8F00D0996D /* StoryOneViewController.swift */ = {isa = PBXFileReference; fileEncoding = 4; lastKnownFileType = sourcecode.swift; path = StoryOneViewController.swift; sourceTree = "<group>"; };
		2B7997F11D37CD9F00D0996D /* Story2ViewController.swift */ = {isa = PBXFileReference; fileEncoding = 4; lastKnownFileType = sourcecode.swift; path = Story2ViewController.swift; sourceTree = "<group>"; };
		2B87D5E81D38247000F29678 /* AddActivityViewController.swift */ = {isa = PBXFileReference; fileEncoding = 4; lastKnownFileType = sourcecode.swift; path = AddActivityViewController.swift; sourceTree = "<group>"; };
		2B87D5EA1D3825DB00F29678 /* AddedActivitiesData.swift */ = {isa = PBXFileReference; fileEncoding = 4; lastKnownFileType = sourcecode.swift; path = AddedActivitiesData.swift; sourceTree = "<group>"; };
		2B87D5EC1D38261300F29678 /* ToAddedActivitiesData.swift */ = {isa = PBXFileReference; fileEncoding = 4; lastKnownFileType = sourcecode.swift; path = ToAddedActivitiesData.swift; sourceTree = "<group>"; };
		2B87D5F11D382F0100F29678 /* AddCustomActivityViewController.swift */ = {isa = PBXFileReference; fileEncoding = 4; lastKnownFileType = sourcecode.swift; path = AddCustomActivityViewController.swift; sourceTree = "<group>"; };
		2BA1887C1D355A2C007F1CEB /* HemoLeo.app */ = {isa = PBXFileReference; explicitFileType = wrapper.application; includeInIndex = 0; path = HemoLeo.app; sourceTree = BUILT_PRODUCTS_DIR; };
		2BA1887F1D355A2C007F1CEB /* AppDelegate.swift */ = {isa = PBXFileReference; lastKnownFileType = sourcecode.swift; path = AppDelegate.swift; sourceTree = "<group>"; };
		2BA188881D355A2C007F1CEB /* Base */ = {isa = PBXFileReference; lastKnownFileType = file.storyboard; name = Base; path = Base.lproj/Main.storyboard; sourceTree = "<group>"; };
		2BA1888A1D355A2C007F1CEB /* Assets.xcassets */ = {isa = PBXFileReference; lastKnownFileType = folder.assetcatalog; path = Assets.xcassets; sourceTree = "<group>"; };
		2BA1888D1D355A2C007F1CEB /* Base */ = {isa = PBXFileReference; lastKnownFileType = file.storyboard; name = Base; path = Base.lproj/LaunchScreen.storyboard; sourceTree = "<group>"; };
		2BA1888F1D355A2C007F1CEB /* Info.plist */ = {isa = PBXFileReference; lastKnownFileType = text.plist.xml; path = Info.plist; sourceTree = "<group>"; };
		2BA188A11D355CBD007F1CEB /* CarePlanStoreManager.swift */ = {isa = PBXFileReference; fileEncoding = 4; lastKnownFileType = sourcecode.swift; path = CarePlanStoreManager.swift; sourceTree = "<group>"; };
		2BA188BB1D355D96007F1CEB /* Actitvity.swift */ = {isa = PBXFileReference; fileEncoding = 4; lastKnownFileType = sourcecode.swift; path = Actitvity.swift; sourceTree = "<group>"; };
		2BA188BD1D355EEF007F1CEB /* Vagetables.swift */ = {isa = PBXFileReference; fileEncoding = 4; lastKnownFileType = sourcecode.swift; path = Vagetables.swift; sourceTree = "<group>"; };
		2BA188BF1D3560C3007F1CEB /* Fruits.swift */ = {isa = PBXFileReference; fileEncoding = 4; lastKnownFileType = sourcecode.swift; path = Fruits.swift; sourceTree = "<group>"; };
		2BA188C11D3567A5007F1CEB /* Water.swift */ = {isa = PBXFileReference; fileEncoding = 4; lastKnownFileType = sourcecode.swift; path = Water.swift; sourceTree = "<group>"; };
		2BA188C31D35681E007F1CEB /* Exercise.swift */ = {isa = PBXFileReference; fileEncoding = 4; lastKnownFileType = sourcecode.swift; path = Exercise.swift; sourceTree = "<group>"; };
		2BA188C51D35696A007F1CEB /* Shot.swift */ = {isa = PBXFileReference; fileEncoding = 4; lastKnownFileType = sourcecode.swift; path = Shot.swift; sourceTree = "<group>"; };
		4E132CB61D41242A004CBC6F /* CustomActivityCell.swift */ = {isa = PBXFileReference; fileEncoding = 4; lastKnownFileType = sourcecode.swift; path = CustomActivityCell.swift; sourceTree = "<group>"; };
		4E132CB71D41242A004CBC6F /* CustomActivityCell.xib */ = {isa = PBXFileReference; fileEncoding = 4; lastKnownFileType = file.xib; path = CustomActivityCell.xib; sourceTree = "<group>"; };
		4E132CDF1D4263B9004CBC6F /* SliderCell.xib */ = {isa = PBXFileReference; fileEncoding = 4; lastKnownFileType = file.xib; path = SliderCell.xib; sourceTree = "<group>"; };
		4E132CE51D427DA1004CBC6F /* Cells.swift */ = {isa = PBXFileReference; fileEncoding = 4; lastKnownFileType = sourcecode.swift; path = Cells.swift; sourceTree = "<group>"; };
		4E2B29B91D36CC6300EED2B4 /* TransitionDelegate.swift */ = {isa = PBXFileReference; fileEncoding = 4; lastKnownFileType = sourcecode.swift; path = TransitionDelegate.swift; sourceTree = "<group>"; };
		4E2B29BF1D36CD0E00EED2B4 /* MainViewController.swift */ = {isa = PBXFileReference; fileEncoding = 4; lastKnownFileType = sourcecode.swift; path = MainViewController.swift; sourceTree = "<group>"; };
		4E2B29C11D36CD7600EED2B4 /* Canvas.swift */ = {isa = PBXFileReference; fileEncoding = 4; lastKnownFileType = sourcecode.swift; path = Canvas.swift; sourceTree = "<group>"; };
		4E2B29C31D36CDC400EED2B4 /* CareCardViewController.swift */ = {isa = PBXFileReference; fileEncoding = 4; lastKnownFileType = sourcecode.swift; path = CareCardViewController.swift; sourceTree = "<group>"; };
		4E2B29C71D37057A00EED2B4 /* PageViewCcontroller.swift */ = {isa = PBXFileReference; fileEncoding = 4; lastKnownFileType = sourcecode.swift; path = PageViewCcontroller.swift; sourceTree = "<group>"; };
		4E2B29CD1D395AF800EED2B4 /* SymptomCardViewController.swift */ = {isa = PBXFileReference; fileEncoding = 4; lastKnownFileType = sourcecode.swift; path = SymptomCardViewController.swift; sourceTree = "<group>"; };
		4E2B2DDB1D3A984D00EED2B4 /* ResearchKit.xcodeproj */ = {isa = PBXFileReference; lastKnownFileType = "wrapper.pb-project"; name = ResearchKit.xcodeproj; path = ../ResearchKit/ResearchKit.xcodeproj; sourceTree = "<group>"; };
		4E2B2DEE1D3AA7F900EED2B4 /* Assessment.swift */ = {isa = PBXFileReference; fileEncoding = 4; lastKnownFileType = sourcecode.swift; path = Assessment.swift; sourceTree = "<group>"; };
		4E2B2DF21D3ABEEB00EED2B4 /* AssessmentsManager.swift */ = {isa = PBXFileReference; fileEncoding = 4; lastKnownFileType = sourcecode.swift; path = AssessmentsManager.swift; sourceTree = "<group>"; };
		4E2B2DF41D3AD12A00EED2B4 /* Pain.swift */ = {isa = PBXFileReference; fileEncoding = 4; lastKnownFileType = sourcecode.swift; path = Pain.swift; sourceTree = "<group>"; };
		4E3CE02A1D3FDF0F00E4F422 /* SurveyViewController.swift */ = {isa = PBXFileReference; fileEncoding = 4; lastKnownFileType = sourcecode.swift; path = SurveyViewController.swift; sourceTree = "<group>"; };
		4E3CE03B1D400FFF00E4F422 /* ButtonAnimation.swift */ = {isa = PBXFileReference; fileEncoding = 4; lastKnownFileType = sourcecode.swift; path = ButtonAnimation.swift; sourceTree = "<group>"; };
		4EA969401D3D622400DBF2AD /* Bleeding.swift */ = {isa = PBXFileReference; fileEncoding = 4; lastKnownFileType = sourcecode.swift; path = Bleeding.swift; sourceTree = "<group>"; };
		4EA969461D3D681000DBF2AD /* Bruising.swift */ = {isa = PBXFileReference; fileEncoding = 4; lastKnownFileType = sourcecode.swift; path = Bruising.swift; sourceTree = "<group>"; };
		777711061D3E9AAC0066A0E2 /* SpriteKit.framework */ = {isa = PBXFileReference; lastKnownFileType = wrapper.framework; name = SpriteKit.framework; path = System/Library/Frameworks/SpriteKit.framework; sourceTree = SDKROOT; };
		7777110C1D3E9BD00066A0E2 /* GameScene.swift */ = {isa = PBXFileReference; fileEncoding = 4; lastKnownFileType = sourcecode.swift; path = GameScene.swift; sourceTree = "<group>"; };
		7777110E1D3E9C110066A0E2 /* LeoImages.atlas */ = {isa = PBXFileReference; lastKnownFileType = folder.skatlas; path = LeoImages.atlas; sourceTree = "<group>"; };
		77E89D101D4252AA00FDA59B /* ThemesViewController.swift */ = {isa = PBXFileReference; fileEncoding = 4; lastKnownFileType = sourcecode.swift; path = ThemesViewController.swift; sourceTree = "<group>"; };
		77E89D161D4252EA00FDA59B /* ThemesCollectionViewCell.swift */ = {isa = PBXFileReference; fileEncoding = 4; lastKnownFileType = sourcecode.swift; path = ThemesCollectionViewCell.swift; sourceTree = "<group>"; };
		77E89D181D4253CD00FDA59B /* SelectThemeViewController.swift */ = {isa = PBXFileReference; fileEncoding = 4; lastKnownFileType = sourcecode.swift; path = SelectThemeViewController.swift; sourceTree = "<group>"; };
		77E89D1A1D42542900FDA59B /* UIAnimation.swift */ = {isa = PBXFileReference; fileEncoding = 4; lastKnownFileType = sourcecode.swift; path = UIAnimation.swift; sourceTree = "<group>"; };
		EB6F10E91D41C4550056606B /* arrow.png */ = {isa = PBXFileReference; lastKnownFileType = image.png; path = arrow.png; sourceTree = "<group>"; };
		EB6F10EA1D41C4550056606B /* arrow@2x.png */ = {isa = PBXFileReference; lastKnownFileType = image.png; path = "arrow@2x.png"; sourceTree = "<group>"; };
		EB6F10EB1D41C4550056606B /* BG.png */ = {isa = PBXFileReference; lastKnownFileType = image.png; path = BG.png; sourceTree = "<group>"; };
		EB6F10EC1D41C4550056606B /* BG@2x.png */ = {isa = PBXFileReference; lastKnownFileType = image.png; path = "BG@2x.png"; sourceTree = "<group>"; };
		EB6F10ED1D41C4550056606B /* Corpo.png */ = {isa = PBXFileReference; lastKnownFileType = image.png; path = Corpo.png; sourceTree = "<group>"; };
		EB6F10EE1D41C4550056606B /* Corpo@2x.png */ = {isa = PBXFileReference; lastKnownFileType = image.png; path = "Corpo@2x.png"; sourceTree = "<group>"; };
		EB6F10EF1D41C4550056606B /* Fala1.png */ = {isa = PBXFileReference; lastKnownFileType = image.png; path = Fala1.png; sourceTree = "<group>"; };
		EB6F10F01D41C4550056606B /* Fala1@2x.png */ = {isa = PBXFileReference; lastKnownFileType = image.png; path = "Fala1@2x.png"; sourceTree = "<group>"; };
		EB6F10F11D41C4550056606B /* gradient1.png */ = {isa = PBXFileReference; lastKnownFileType = image.png; path = gradient1.png; sourceTree = "<group>"; };
		EB6F10F21D41C4550056606B /* gradient1@2x.png */ = {isa = PBXFileReference; lastKnownFileType = image.png; path = "gradient1@2x.png"; sourceTree = "<group>"; };
		EB6F10F31D41C4550056606B /* gradient2.png */ = {isa = PBXFileReference; lastKnownFileType = image.png; path = gradient2.png; sourceTree = "<group>"; };
		EB6F10F41D41C4550056606B /* gradient2@2x.png */ = {isa = PBXFileReference; lastKnownFileType = image.png; path = "gradient2@2x.png"; sourceTree = "<group>"; };
		EB6F10F51D41C4550056606B /* hand.png */ = {isa = PBXFileReference; lastKnownFileType = image.png; path = hand.png; sourceTree = "<group>"; };
		EB6F10F61D41C4550056606B /* hand@2x.png */ = {isa = PBXFileReference; lastKnownFileType = image.png; path = "hand@2x.png"; sourceTree = "<group>"; };
		EB6F10F71D41C4550056606B /* Leo do corpo.png */ = {isa = PBXFileReference; lastKnownFileType = image.png; path = "Leo do corpo.png"; sourceTree = "<group>"; };
		EB6F10F81D41C4550056606B /* Leo do corpo@2x.png */ = {isa = PBXFileReference; lastKnownFileType = image.png; path = "Leo do corpo@2x.png"; sourceTree = "<group>"; };
		EB6F10F91D41C4550056606B /* Leo falando.png */ = {isa = PBXFileReference; lastKnownFileType = image.png; path = "Leo falando.png"; sourceTree = "<group>"; };
		EB6F10FA1D41C4550056606B /* Leo falando@2x.png */ = {isa = PBXFileReference; lastKnownFileType = image.png; path = "Leo falando@2x.png"; sourceTree = "<group>"; };
		EB6F110D1D41C45E0056606B /* StorytellingView.swift */ = {isa = PBXFileReference; fileEncoding = 4; lastKnownFileType = sourcecode.swift; path = StorytellingView.swift; sourceTree = "<group>"; };
		EBBD25AD1D3731BE00786155 /* SettingViewController.swift */ = {isa = PBXFileReference; fileEncoding = 4; lastKnownFileType = sourcecode.swift; path = SettingViewController.swift; sourceTree = "<group>"; };
/* End PBXFileReference section */

/* Begin PBXFrameworksBuildPhase section */
		2BA188791D355A2C007F1CEB /* Frameworks */ = {
			isa = PBXFrameworksBuildPhase;
			buildActionMask = 2147483647;
			files = (
				777711071D3E9AAC0066A0E2 /* SpriteKit.framework in Frameworks */,
				4E2B2DE71D3A987500EED2B4 /* ResearchKit.framework in Frameworks */,
				2B0211291D35736D00AFFB17 /* CareKit.framework in Frameworks */,
			);
			runOnlyForDeploymentPostprocessing = 0;
		};
/* End PBXFrameworksBuildPhase section */

/* Begin PBXGroup section */
		2B0211201D35735800AFFB17 /* Products */ = {
			isa = PBXGroup;
			children = (
				2B0211261D35735800AFFB17 /* CareKit.framework */,
				2B0211281D35735800AFFB17 /* CareKitTests.xctest */,
			);
			name = Products;
			sourceTree = "<group>";
		};
		2B1A214F1D3E75D6007F1B68 /* Scenes */ = {
			isa = PBXGroup;
			children = (
				7777110C1D3E9BD00066A0E2 /* GameScene.swift */,
			);
			name = Scenes;
			sourceTree = "<group>";
		};
		2B1A21501D3E7B70007F1B68 /* Managers */ = {
			isa = PBXGroup;
			children = (
				4E2B2DF21D3ABEEB00EED2B4 /* AssessmentsManager.swift */,
				2BA188A11D355CBD007F1CEB /* CarePlanStoreManager.swift */,
				2B1A21511D3E7BA3007F1B68 /* NSCodingManager.swift */,
			);
			name = Managers;
			sourceTree = "<group>";
		};
		2B7997F41D37DD2B00D0996D /* StoryTelling */ = {
			isa = PBXGroup;
			children = (
				2B7997ED1D37CD8F00D0996D /* StoryOneViewController.swift */,
				2B7997F11D37CD9F00D0996D /* Story2ViewController.swift */,
			);
			name = StoryTelling;
			sourceTree = "<group>";
		};
		2BA188731D355A2C007F1CEB = {
			isa = PBXGroup;
			children = (
				777711061D3E9AAC0066A0E2 /* SpriteKit.framework */,
				4E2B2DDB1D3A984D00EED2B4 /* ResearchKit.xcodeproj */,
				2B02111F1D35735800AFFB17 /* CareKit.xcodeproj */,
				2BA1887E1D355A2C007F1CEB /* HemoLeo */,
				2BA1887D1D355A2C007F1CEB /* Products */,
			);
			sourceTree = "<group>";
		};
		2BA1887D1D355A2C007F1CEB /* Products */ = {
			isa = PBXGroup;
			children = (
				2BA1887C1D355A2C007F1CEB /* HemoLeo.app */,
			);
			name = Products;
			sourceTree = "<group>";
		};
		2BA1887E1D355A2C007F1CEB /* HemoLeo */ = {
			isa = PBXGroup;
			children = (
				2BA188961D355B4A007F1CEB /* HemoLeo */,
			);
			path = HemoLeo;
			sourceTree = "<group>";
		};
		2BA188961D355B4A007F1CEB /* HemoLeo */ = {
			isa = PBXGroup;
			children = (
				EB6F10E21D41C4170056606B /* AnimaçõesCoreAnimator */,
				4E132CB11D4123CA004CBC6F /* TabelView */,
				4E3CE03A1D400FEF00E4F422 /* Animação */,
				2B1A21501D3E7B70007F1B68 /* Managers */,
				2B1A214F1D3E75D6007F1B68 /* Scenes */,
				2BA1889E1D355C5F007F1CEB /* Global */,
				2BA1889C1D355C17007F1CEB /* CareKit */,
				2BA1889B1D355C09007F1CEB /* Others */,
				2BA1889A1D355BFB007F1CEB /* Storyboards */,
				2BA188991D355BCC007F1CEB /* Controllers */,
				2BA188971D355BAA007F1CEB /* Assets */,
				2BA188981D355BB8007F1CEB /* View */,
			);
			name = HemoLeo;
			sourceTree = "<group>";
		};
		2BA188971D355BAA007F1CEB /* Assets */ = {
			isa = PBXGroup;
			children = (
				7777110E1D3E9C110066A0E2 /* LeoImages.atlas */,
				2BA1888A1D355A2C007F1CEB /* Assets.xcassets */,
			);
			name = Assets;
			sourceTree = "<group>";
		};
		2BA188981D355BB8007F1CEB /* View */ = {
			isa = PBXGroup;
			children = (
			);
			name = View;
			sourceTree = "<group>";
		};
		2BA188991D355BCC007F1CEB /* Controllers */ = {
			isa = PBXGroup;
			children = (
				2B7997F41D37DD2B00D0996D /* StoryTelling */,
				4E2B29BF1D36CD0E00EED2B4 /* MainViewController.swift */,
				EBBD25AD1D3731BE00786155 /* SettingViewController.swift */,
				4E2B29C11D36CD7600EED2B4 /* Canvas.swift */,
				2B1A214D1D3E71E2007F1B68 /* OccurenciesViewController.swift */,
				77E89D101D4252AA00FDA59B /* ThemesViewController.swift */,
				77E89D161D4252EA00FDA59B /* ThemesCollectionViewCell.swift */,
				77E89D181D4253CD00FDA59B /* SelectThemeViewController.swift */,
				4E2B29CD1D395AF800EED2B4 /* SymptomCardViewController.swift */,
				4E3CE02A1D3FDF0F00E4F422 /* SurveyViewController.swift */,
				2B87D5E81D38247000F29678 /* AddActivityViewController.swift */,
				2B87D5F11D382F0100F29678 /* AddCustomActivityViewController.swift */,
				4E2B29C31D36CDC400EED2B4 /* CareCardViewController.swift */,
				4E2B29C71D37057A00EED2B4 /* PageViewCcontroller.swift */,
				77E89D1A1D42542900FDA59B /* UIAnimation.swift */,
			);
			name = Controllers;
			sourceTree = "<group>";
		};
		2BA1889A1D355BFB007F1CEB /* Storyboards */ = {
			isa = PBXGroup;
			children = (
				2BA188871D355A2C007F1CEB /* Main.storyboard */,
				2BA1888C1D355A2C007F1CEB /* LaunchScreen.storyboard */,
			);
			name = Storyboards;
			sourceTree = "<group>";
		};
		2BA1889B1D355C09007F1CEB /* Others */ = {
			isa = PBXGroup;
			children = (
				2BA1887F1D355A2C007F1CEB /* AppDelegate.swift */,
				2BA1888F1D355A2C007F1CEB /* Info.plist */,
			);
			name = Others;
			sourceTree = "<group>";
		};
		2BA1889C1D355C17007F1CEB /* CareKit */ = {
			isa = PBXGroup;
			children = (
				4E2B2DEB1D3AA71300EED2B4 /* Assessments */,
				2BA188A01D355C7F007F1CEB /* Activities */,
			);
			name = CareKit;
			sourceTree = "<group>";
		};
		2BA1889E1D355C5F007F1CEB /* Global */ = {
			isa = PBXGroup;
			children = (
				4E2B29B91D36CC6300EED2B4 /* TransitionDelegate.swift */,
			);
			name = Global;
			sourceTree = "<group>";
		};
		2BA188A01D355C7F007F1CEB /* Activities */ = {
			isa = PBXGroup;
			children = (
				2BA188BB1D355D96007F1CEB /* Actitvity.swift */,
				2BA188BD1D355EEF007F1CEB /* Vagetables.swift */,
				2BA188BF1D3560C3007F1CEB /* Fruits.swift */,
				2BA188C31D35681E007F1CEB /* Exercise.swift */,
				2BA188C51D35696A007F1CEB /* Shot.swift */,
				2B1A21471D3E6E64007F1B68 /* Fisiotherapy.swift */,
				2BA188C11D3567A5007F1CEB /* Water.swift */,
				2B87D5EA1D3825DB00F29678 /* AddedActivitiesData.swift */,
				2B87D5EC1D38261300F29678 /* ToAddedActivitiesData.swift */,
			);
			name = Activities;
			sourceTree = "<group>";
		};
		4E132CB11D4123CA004CBC6F /* TabelView */ = {
			isa = PBXGroup;
			children = (
				4E132CB61D41242A004CBC6F /* CustomActivityCell.swift */,
				4E132CE51D427DA1004CBC6F /* Cells.swift */,
				4E132CDF1D4263B9004CBC6F /* SliderCell.xib */,
				4E132CB71D41242A004CBC6F /* CustomActivityCell.xib */,
			);
			name = TabelView;
			sourceTree = "<group>";
		};
		4E2B2DDC1D3A984D00EED2B4 /* Products */ = {
			isa = PBXGroup;
			children = (
				4E2B2DE41D3A984D00EED2B4 /* ResearchKit.framework */,
				4E2B2DE61D3A984D00EED2B4 /* ResearchKitTests.xctest */,
			);
			name = Products;
			sourceTree = "<group>";
		};
		4E2B2DEB1D3AA71300EED2B4 /* Assessments */ = {
			isa = PBXGroup;
			children = (
				4E2B2DEE1D3AA7F900EED2B4 /* Assessment.swift */,
				4E2B2DF41D3AD12A00EED2B4 /* Pain.swift */,
				4EA969461D3D681000DBF2AD /* Bruising.swift */,
				4EA969401D3D622400DBF2AD /* Bleeding.swift */,
			);
			name = Assessments;
			sourceTree = "<group>";
		};
		4E3CE03A1D400FEF00E4F422 /* Animação */ = {
			isa = PBXGroup;
			children = (
				4E3CE03B1D400FFF00E4F422 /* ButtonAnimation.swift */,
			);
			name = "Animação";
			sourceTree = "<group>";
		};
		EB6F10E21D41C4170056606B /* AnimaçõesCoreAnimator */ = {
			isa = PBXGroup;
			children = (
				EB6F10E71D41C4310056606B /* Story1 */,
			);
			name = "AnimaçõesCoreAnimator";
			sourceTree = "<group>";
		};
		EB6F10E71D41C4310056606B /* Story1 */ = {
			isa = PBXGroup;
			children = (
				EB6F110D1D41C45E0056606B /* StorytellingView.swift */,
				EB6F10E81D41C4430056606B /* Images */,
			);
			name = Story1;
			sourceTree = "<group>";
		};
		EB6F10E81D41C4430056606B /* Images */ = {
			isa = PBXGroup;
			children = (
				EB6F10E91D41C4550056606B /* arrow.png */,
				EB6F10EA1D41C4550056606B /* arrow@2x.png */,
				EB6F10EB1D41C4550056606B /* BG.png */,
				EB6F10EC1D41C4550056606B /* BG@2x.png */,
				EB6F10ED1D41C4550056606B /* Corpo.png */,
				EB6F10EE1D41C4550056606B /* Corpo@2x.png */,
				EB6F10EF1D41C4550056606B /* Fala1.png */,
				EB6F10F01D41C4550056606B /* Fala1@2x.png */,
				EB6F10F11D41C4550056606B /* gradient1.png */,
				EB6F10F21D41C4550056606B /* gradient1@2x.png */,
				EB6F10F31D41C4550056606B /* gradient2.png */,
				EB6F10F41D41C4550056606B /* gradient2@2x.png */,
				EB6F10F51D41C4550056606B /* hand.png */,
				EB6F10F61D41C4550056606B /* hand@2x.png */,
				EB6F10F71D41C4550056606B /* Leo do corpo.png */,
				EB6F10F81D41C4550056606B /* Leo do corpo@2x.png */,
				EB6F10F91D41C4550056606B /* Leo falando.png */,
				EB6F10FA1D41C4550056606B /* Leo falando@2x.png */,
			);
			name = Images;
			sourceTree = "<group>";
		};
/* End PBXGroup section */

/* Begin PBXNativeTarget section */
		2BA1887B1D355A2C007F1CEB /* HemoLeo */ = {
			isa = PBXNativeTarget;
			buildConfigurationList = 2BA188921D355A2C007F1CEB /* Build configuration list for PBXNativeTarget "HemoLeo" */;
			buildPhases = (
				2BA188781D355A2C007F1CEB /* Sources */,
				2BA188791D355A2C007F1CEB /* Frameworks */,
				2BA1887A1D355A2C007F1CEB /* Resources */,
				2BA188BA1D355CFF007F1CEB /* Embed Frameworks */,
			);
			buildRules = (
			);
			dependencies = (
				2B02112C1D35736D00AFFB17 /* PBXTargetDependency */,
				4E2B2DEA1D3A987500EED2B4 /* PBXTargetDependency */,
			);
			name = HemoLeo;
			productName = HemoLeo;
			productReference = 2BA1887C1D355A2C007F1CEB /* HemoLeo.app */;
			productType = "com.apple.product-type.application";
		};
/* End PBXNativeTarget section */

/* Begin PBXProject section */
		2BA188741D355A2C007F1CEB /* Project object */ = {
			isa = PBXProject;
			attributes = {
				LastSwiftUpdateCheck = 0730;
				LastUpgradeCheck = 0730;
				ORGANIZATIONNAME = Bepid;
				TargetAttributes = {
					2BA1887B1D355A2C007F1CEB = {
						CreatedOnToolsVersion = 7.3.1;
						DevelopmentTeam = BUK6UDW987;
					};
				};
			};
			buildConfigurationList = 2BA188771D355A2C007F1CEB /* Build configuration list for PBXProject "HemoLeo" */;
			compatibilityVersion = "Xcode 3.2";
			developmentRegion = English;
			hasScannedForEncodings = 0;
			knownRegions = (
				en,
				Base,
			);
			mainGroup = 2BA188731D355A2C007F1CEB;
			productRefGroup = 2BA1887D1D355A2C007F1CEB /* Products */;
			projectDirPath = "";
			projectReferences = (
				{
					ProductGroup = 2B0211201D35735800AFFB17 /* Products */;
					ProjectRef = 2B02111F1D35735800AFFB17 /* CareKit.xcodeproj */;
				},
				{
					ProductGroup = 4E2B2DDC1D3A984D00EED2B4 /* Products */;
					ProjectRef = 4E2B2DDB1D3A984D00EED2B4 /* ResearchKit.xcodeproj */;
				},
			);
			projectRoot = "";
			targets = (
				2BA1887B1D355A2C007F1CEB /* HemoLeo */,
			);
		};
/* End PBXProject section */

/* Begin PBXReferenceProxy section */
		2B0211261D35735800AFFB17 /* CareKit.framework */ = {
			isa = PBXReferenceProxy;
			fileType = wrapper.framework;
			path = CareKit.framework;
			remoteRef = 2B0211251D35735800AFFB17 /* PBXContainerItemProxy */;
			sourceTree = BUILT_PRODUCTS_DIR;
		};
		2B0211281D35735800AFFB17 /* CareKitTests.xctest */ = {
			isa = PBXReferenceProxy;
			fileType = wrapper.cfbundle;
			path = CareKitTests.xctest;
			remoteRef = 2B0211271D35735800AFFB17 /* PBXContainerItemProxy */;
			sourceTree = BUILT_PRODUCTS_DIR;
		};
		4E2B2DE41D3A984D00EED2B4 /* ResearchKit.framework */ = {
			isa = PBXReferenceProxy;
			fileType = wrapper.framework;
			path = ResearchKit.framework;
			remoteRef = 4E2B2DE31D3A984D00EED2B4 /* PBXContainerItemProxy */;
			sourceTree = BUILT_PRODUCTS_DIR;
		};
		4E2B2DE61D3A984D00EED2B4 /* ResearchKitTests.xctest */ = {
			isa = PBXReferenceProxy;
			fileType = wrapper.cfbundle;
			path = ResearchKitTests.xctest;
			remoteRef = 4E2B2DE51D3A984D00EED2B4 /* PBXContainerItemProxy */;
			sourceTree = BUILT_PRODUCTS_DIR;
		};
/* End PBXReferenceProxy section */

/* Begin PBXResourcesBuildPhase section */
		2BA1887A1D355A2C007F1CEB /* Resources */ = {
			isa = PBXResourcesBuildPhase;
			buildActionMask = 2147483647;
			files = (
				EB6F11051D41C4550056606B /* gradient2.png in Resources */,
				7777110F1D3E9C110066A0E2 /* LeoImages.atlas in Resources */,
				EB6F11081D41C4550056606B /* hand@2x.png in Resources */,
				EB6F11071D41C4550056606B /* hand.png in Resources */,
				EB6F110A1D41C4550056606B /* Leo do corpo@2x.png in Resources */,
				EB6F110C1D41C4550056606B /* Leo falando@2x.png in Resources */,
				EB6F11021D41C4550056606B /* Fala1@2x.png in Resources */,
				EB6F11011D41C4550056606B /* Fala1.png in Resources */,
				EB6F11041D41C4550056606B /* gradient1@2x.png in Resources */,
				EB6F10FB1D41C4550056606B /* arrow.png in Resources */,
				EB6F10FD1D41C4550056606B /* BG.png in Resources */,
				2BA1888E1D355A2C007F1CEB /* LaunchScreen.storyboard in Resources */,
				EB6F10FC1D41C4550056606B /* arrow@2x.png in Resources */,
				EB6F11061D41C4550056606B /* gradient2@2x.png in Resources */,
				EB6F11031D41C4550056606B /* gradient1.png in Resources */,
				EB6F11091D41C4550056606B /* Leo do corpo.png in Resources */,
				EB6F11001D41C4550056606B /* Corpo@2x.png in Resources */,
				EB6F10FF1D41C4550056606B /* Corpo.png in Resources */,
				4E132CE01D4263B9004CBC6F /* SliderCell.xib in Resources */,
				EB6F10FE1D41C4550056606B /* BG@2x.png in Resources */,
				2BA1888B1D355A2C007F1CEB /* Assets.xcassets in Resources */,
				2BA188891D355A2C007F1CEB /* Main.storyboard in Resources */,
				4E132CB91D41242A004CBC6F /* CustomActivityCell.xib in Resources */,
				EB6F110B1D41C4550056606B /* Leo falando.png in Resources */,
			);
			runOnlyForDeploymentPostprocessing = 0;
		};
/* End PBXResourcesBuildPhase section */

/* Begin PBXSourcesBuildPhase section */
		2BA188781D355A2C007F1CEB /* Sources */ = {
			isa = PBXSourcesBuildPhase;
			buildActionMask = 2147483647;
			files = (
				2B87D5F21D382F0100F29678 /* AddCustomActivityViewController.swift in Sources */,
				2BA188A21D355CBD007F1CEB /* CarePlanStoreManager.swift in Sources */,
				4E2B29C81D37057A00EED2B4 /* PageViewCcontroller.swift in Sources */,
				2B1A21481D3E6E64007F1B68 /* Fisiotherapy.swift in Sources */,
				4EA969471D3D681000DBF2AD /* Bruising.swift in Sources */,
				4E3CE03C1D400FFF00E4F422 /* ButtonAnimation.swift in Sources */,
				77E89D1B1D42542900FDA59B /* UIAnimation.swift in Sources */,
				2B7997EE1D37CD8F00D0996D /* StoryOneViewController.swift in Sources */,
				2BA188C21D3567A5007F1CEB /* Water.swift in Sources */,
				EBBD25AE1D3731BE00786155 /* SettingViewController.swift in Sources */,
				2BA188C41D35681E007F1CEB /* Exercise.swift in Sources */,
				77E89D171D4252EA00FDA59B /* ThemesCollectionViewCell.swift in Sources */,
				2BA188C01D3560C3007F1CEB /* Fruits.swift in Sources */,
				2B1A21521D3E7BA3007F1B68 /* NSCodingManager.swift in Sources */,
				4EA969411D3D622400DBF2AD /* Bleeding.swift in Sources */,
				4E2B29C01D36CD0E00EED2B4 /* MainViewController.swift in Sources */,
				4E3CE02B1D3FDF0F00E4F422 /* SurveyViewController.swift in Sources */,
				4E2B2DEF1D3AA7F900EED2B4 /* Assessment.swift in Sources */,
				4E2B29C21D36CD7600EED2B4 /* Canvas.swift in Sources */,
				2BA188C61D35696A007F1CEB /* Shot.swift in Sources */,
				4E2B29BC1D36CC6300EED2B4 /* TransitionDelegate.swift in Sources */,
				4E2B29CE1D395AF800EED2B4 /* SymptomCardViewController.swift in Sources */,
				4E2B29C41D36CDC400EED2B4 /* CareCardViewController.swift in Sources */,
				2B7997F21D37CD9F00D0996D /* Story2ViewController.swift in Sources */,
				4E2B2DF31D3ABEEB00EED2B4 /* AssessmentsManager.swift in Sources */,
				2BA188801D355A2C007F1CEB /* AppDelegate.swift in Sources */,
				77E89D191D4253CD00FDA59B /* SelectThemeViewController.swift in Sources */,
				EB6F110E1D41C45E0056606B /* StorytellingView.swift in Sources */,
				2B87D5E91D38247000F29678 /* AddActivityViewController.swift in Sources */,
				4E132CB81D41242A004CBC6F /* CustomActivityCell.swift in Sources */,
				2BA188BC1D355D96007F1CEB /* Actitvity.swift in Sources */,
				7777110D1D3E9BD00066A0E2 /* GameScene.swift in Sources */,
				4E132CE61D427DA1004CBC6F /* Cells.swift in Sources */,
				2B1A214E1D3E71E2007F1B68 /* OccurenciesViewController.swift in Sources */,
				2BA188BE1D355EEF007F1CEB /* Vagetables.swift in Sources */,
				4E2B2DF51D3AD12A00EED2B4 /* Pain.swift in Sources */,
				2B87D5ED1D38261300F29678 /* ToAddedActivitiesData.swift in Sources */,
				2B87D5EB1D3825DB00F29678 /* AddedActivitiesData.swift in Sources */,
				77E89D111D4252AA00FDA59B /* ThemesViewController.swift in Sources */,
			);
			runOnlyForDeploymentPostprocessing = 0;
		};
/* End PBXSourcesBuildPhase section */

/* Begin PBXTargetDependency section */
		2B02112C1D35736D00AFFB17 /* PBXTargetDependency */ = {
			isa = PBXTargetDependency;
			name = CareKit;
			targetProxy = 2B02112B1D35736D00AFFB17 /* PBXContainerItemProxy */;
		};
		4E2B2DEA1D3A987500EED2B4 /* PBXTargetDependency */ = {
			isa = PBXTargetDependency;
			name = ResearchKit;
			targetProxy = 4E2B2DE91D3A987500EED2B4 /* PBXContainerItemProxy */;
		};
/* End PBXTargetDependency section */

/* Begin PBXVariantGroup section */
		2BA188871D355A2C007F1CEB /* Main.storyboard */ = {
			isa = PBXVariantGroup;
			children = (
				2BA188881D355A2C007F1CEB /* Base */,
			);
			name = Main.storyboard;
			sourceTree = "<group>";
		};
		2BA1888C1D355A2C007F1CEB /* LaunchScreen.storyboard */ = {
			isa = PBXVariantGroup;
			children = (
				2BA1888D1D355A2C007F1CEB /* Base */,
			);
			name = LaunchScreen.storyboard;
			sourceTree = "<group>";
		};
/* End PBXVariantGroup section */

/* Begin XCBuildConfiguration section */
		2BA188901D355A2C007F1CEB /* Debug */ = {
			isa = XCBuildConfiguration;
			buildSettings = {
				ALWAYS_SEARCH_USER_PATHS = NO;
				CLANG_ANALYZER_NONNULL = YES;
				CLANG_CXX_LANGUAGE_STANDARD = "gnu++0x";
				CLANG_CXX_LIBRARY = "libc++";
				CLANG_ENABLE_MODULES = YES;
				CLANG_ENABLE_OBJC_ARC = YES;
				CLANG_WARN_BOOL_CONVERSION = YES;
				CLANG_WARN_CONSTANT_CONVERSION = YES;
				CLANG_WARN_DIRECT_OBJC_ISA_USAGE = YES_ERROR;
				CLANG_WARN_EMPTY_BODY = YES;
				CLANG_WARN_ENUM_CONVERSION = YES;
				CLANG_WARN_INT_CONVERSION = YES;
				CLANG_WARN_OBJC_ROOT_CLASS = YES_ERROR;
				CLANG_WARN_UNREACHABLE_CODE = YES;
				CLANG_WARN__DUPLICATE_METHOD_MATCH = YES;
				"CODE_SIGN_IDENTITY[sdk=iphoneos*]" = "iPhone Developer";
				COPY_PHASE_STRIP = NO;
				DEBUG_INFORMATION_FORMAT = dwarf;
				ENABLE_STRICT_OBJC_MSGSEND = YES;
				ENABLE_TESTABILITY = YES;
				GCC_C_LANGUAGE_STANDARD = gnu99;
				GCC_DYNAMIC_NO_PIC = NO;
				GCC_NO_COMMON_BLOCKS = YES;
				GCC_OPTIMIZATION_LEVEL = 0;
				GCC_PREPROCESSOR_DEFINITIONS = (
					"DEBUG=1",
					"$(inherited)",
				);
				GCC_WARN_64_TO_32_BIT_CONVERSION = YES;
				GCC_WARN_ABOUT_RETURN_TYPE = YES_ERROR;
				GCC_WARN_UNDECLARED_SELECTOR = YES;
				GCC_WARN_UNINITIALIZED_AUTOS = YES_AGGRESSIVE;
				GCC_WARN_UNUSED_FUNCTION = YES;
				GCC_WARN_UNUSED_VARIABLE = YES;
				IPHONEOS_DEPLOYMENT_TARGET = 9.3;
				MTL_ENABLE_DEBUG_INFO = YES;
				ONLY_ACTIVE_ARCH = YES;
				SDKROOT = iphoneos;
				SWIFT_OPTIMIZATION_LEVEL = "-Onone";
			};
			name = Debug;
		};
		2BA188911D355A2C007F1CEB /* Release */ = {
			isa = XCBuildConfiguration;
			buildSettings = {
				ALWAYS_SEARCH_USER_PATHS = NO;
				CLANG_ANALYZER_NONNULL = YES;
				CLANG_CXX_LANGUAGE_STANDARD = "gnu++0x";
				CLANG_CXX_LIBRARY = "libc++";
				CLANG_ENABLE_MODULES = YES;
				CLANG_ENABLE_OBJC_ARC = YES;
				CLANG_WARN_BOOL_CONVERSION = YES;
				CLANG_WARN_CONSTANT_CONVERSION = YES;
				CLANG_WARN_DIRECT_OBJC_ISA_USAGE = YES_ERROR;
				CLANG_WARN_EMPTY_BODY = YES;
				CLANG_WARN_ENUM_CONVERSION = YES;
				CLANG_WARN_INT_CONVERSION = YES;
				CLANG_WARN_OBJC_ROOT_CLASS = YES_ERROR;
				CLANG_WARN_UNREACHABLE_CODE = YES;
				CLANG_WARN__DUPLICATE_METHOD_MATCH = YES;
				"CODE_SIGN_IDENTITY[sdk=iphoneos*]" = "iPhone Developer";
				COPY_PHASE_STRIP = NO;
				DEBUG_INFORMATION_FORMAT = "dwarf-with-dsym";
				ENABLE_NS_ASSERTIONS = NO;
				ENABLE_STRICT_OBJC_MSGSEND = YES;
				GCC_C_LANGUAGE_STANDARD = gnu99;
				GCC_NO_COMMON_BLOCKS = YES;
				GCC_WARN_64_TO_32_BIT_CONVERSION = YES;
				GCC_WARN_ABOUT_RETURN_TYPE = YES_ERROR;
				GCC_WARN_UNDECLARED_SELECTOR = YES;
				GCC_WARN_UNINITIALIZED_AUTOS = YES_AGGRESSIVE;
				GCC_WARN_UNUSED_FUNCTION = YES;
				GCC_WARN_UNUSED_VARIABLE = YES;
				IPHONEOS_DEPLOYMENT_TARGET = 9.3;
				MTL_ENABLE_DEBUG_INFO = NO;
				SDKROOT = iphoneos;
				VALIDATE_PRODUCT = YES;
			};
			name = Release;
		};
		2BA188931D355A2C007F1CEB /* Debug */ = {
			isa = XCBuildConfiguration;
			buildSettings = {
				ASSETCATALOG_COMPILER_APPICON_NAME = AppIcon;
				CODE_SIGN_IDENTITY = "iPhone Developer";
				"CODE_SIGN_IDENTITY[sdk=iphoneos*]" = "iPhone Developer";
				EMBEDDED_CONTENT_CONTAINS_SWIFT = YES;
				INFOPLIST_FILE = HemoLeo/Info.plist;
				LD_RUNPATH_SEARCH_PATHS = "$(inherited) @executable_path/Frameworks";
				PRODUCT_BUNDLE_IDENTIFIER = com.Luisa.HemoLeo;
				PRODUCT_NAME = "$(TARGET_NAME)";
				PROVISIONING_PROFILE = "";
				TARGETED_DEVICE_FAMILY = 2;
			};
			name = Debug;
		};
		2BA188941D355A2C007F1CEB /* Release */ = {
			isa = XCBuildConfiguration;
			buildSettings = {
				ASSETCATALOG_COMPILER_APPICON_NAME = AppIcon;
				CODE_SIGN_IDENTITY = "iPhone Developer";
				"CODE_SIGN_IDENTITY[sdk=iphoneos*]" = "iPhone Developer";
				EMBEDDED_CONTENT_CONTAINS_SWIFT = YES;
				INFOPLIST_FILE = HemoLeo/Info.plist;
				LD_RUNPATH_SEARCH_PATHS = "$(inherited) @executable_path/Frameworks";
				PRODUCT_BUNDLE_IDENTIFIER = com.Luisa.HemoLeo;
				PRODUCT_NAME = "$(TARGET_NAME)";
				PROVISIONING_PROFILE = "";
				TARGETED_DEVICE_FAMILY = 2;
			};
			name = Release;
		};
/* End XCBuildConfiguration section */

/* Begin XCConfigurationList section */
		2BA188771D355A2C007F1CEB /* Build configuration list for PBXProject "HemoLeo" */ = {
			isa = XCConfigurationList;
			buildConfigurations = (
				2BA188901D355A2C007F1CEB /* Debug */,
				2BA188911D355A2C007F1CEB /* Release */,
			);
			defaultConfigurationIsVisible = 0;
			defaultConfigurationName = Release;
		};
		2BA188921D355A2C007F1CEB /* Build configuration list for PBXNativeTarget "HemoLeo" */ = {
			isa = XCConfigurationList;
			buildConfigurations = (
				2BA188931D355A2C007F1CEB /* Debug */,
				2BA188941D355A2C007F1CEB /* Release */,
			);
			defaultConfigurationIsVisible = 0;
			defaultConfigurationName = Release;
		};
/* End XCConfigurationList section */
	};
	rootObject = 2BA188741D355A2C007F1CEB /* Project object */;
}
